
Microsoft Visual Studio Solution File, Format Version 12.00
# Visual Studio Version 17
VisualStudioVersion = 17.3.32929.385
MinimumVisualStudioVersion = 10.0.40219.1
Project("{FAE04EC0-301F-11D3-BF4B-00C04F79EFBC}") = "Proje", "Proje\Proje.csproj", "{57133016-3684-4B6D-9F6A-44631E62B48F}"
EndProject
Global
	GlobalSection(SolutionConfigurationPlatforms) = preSolution
		Debug|Any CPU = Debug|Any CPU
		Release|Any CPU = Release|Any CPU
	EndGlobalSection
	GlobalSection(ProjectConfigurationPlatforms) = postSolution
		{57133016-3684-4B6D-9F6A-44631E62B48F}.Debug|Any CPU.ActiveCfg = Debug|Any CPU
		{57133016-3684-4B6D-9F6A-44631E62B48F}.Debug|Any CPU.Build.0 = Debug|Any CPU
		{57133016-3684-4B6D-9F6A-44631E62B48F}.Release|Any CPU.ActiveCfg = Release|Any CPU
		{57133016-3684-4B6D-9F6A-44631E62B48F}.Release|Any CPU.Build.0 = Release|Any CPU
	EndGlobalSection
	GlobalSection(SolutionProperties) = preSolution
		HideSolutionNode = FALSE
	EndGlobalSection
	GlobalSection(ExtensibilityGlobals) = postSolution
		SolutionGuid = {BF5FDDB4-A059-45EA-8A21-1B786BD38E4A}
	EndGlobalSection
EndGlobal
