
Microsoft Visual Studio Solution File, Format Version 12.00
# Visual Studio Version 16
VisualStudioVersion = 16.0.31729.503
MinimumVisualStudioVersion = 10.0.40219.1
Project("{FAE04EC0-301F-11D3-BF4B-00C04F79EFBC}") = "sinav_hazirlik", "sinav_hazirlik\sinav_hazirlik.csproj", "{409393F7-8E18-4930-9052-50851A6959AD}"
EndProject
Global
	GlobalSection(SolutionConfigurationPlatforms) = preSolution
		Debug|Any CPU = Debug|Any CPU
		Release|Any CPU = Release|Any CPU
	EndGlobalSection
	GlobalSection(ProjectConfigurationPlatforms) = postSolution
		{409393F7-8E18-4930-9052-50851A6959AD}.Debug|Any CPU.ActiveCfg = Debug|Any CPU
		{409393F7-8E18-4930-9052-50851A6959AD}.Debug|Any CPU.Build.0 = Debug|Any CPU
		{409393F7-8E18-4930-9052-50851A6959AD}.Release|Any CPU.ActiveCfg = Release|Any CPU
		{409393F7-8E18-4930-9052-50851A6959AD}.Release|Any CPU.Build.0 = Release|Any CPU
	EndGlobalSection
	GlobalSection(SolutionProperties) = preSolution
		HideSolutionNode = FALSE
	EndGlobalSection
	GlobalSection(ExtensibilityGlobals) = postSolution
		SolutionGuid = {C51A6077-B724-41AC-BF94-54399D923760}
	EndGlobalSection
EndGlobal
